
Microsoft Visual Studio Solution File, Format Version 12.00
# Visual Studio 15
VisualStudioVersion = 15.0.28307.960
MinimumVisualStudioVersion = 10.0.40219.1
Project("{FAE04EC0-301F-11D3-BF4B-00C04F79EFBC}") = "Senai.Peoples.WebApi", "Senai.Peoples.WebApi\Senai.Peoples.WebApi.csproj", "{5F6F60DB-EFC8-49A2-A154-CCB82E2ACDDC}"
EndProject
Global
	GlobalSection(SolutionConfigurationPlatforms) = preSolution
		Debug|Any CPU = Debug|Any CPU
		Release|Any CPU = Release|Any CPU
	EndGlobalSection
	GlobalSection(ProjectConfigurationPlatforms) = postSolution
		{5F6F60DB-EFC8-49A2-A154-CCB82E2ACDDC}.Debug|Any CPU.ActiveCfg = Debug|Any CPU
		{5F6F60DB-EFC8-49A2-A154-CCB82E2ACDDC}.Debug|Any CPU.Build.0 = Debug|Any CPU
		{5F6F60DB-EFC8-49A2-A154-CCB82E2ACDDC}.Release|Any CPU.ActiveCfg = Release|Any CPU
		{5F6F60DB-EFC8-49A2-A154-CCB82E2ACDDC}.Release|Any CPU.Build.0 = Release|Any CPU
	EndGlobalSection
	GlobalSection(SolutionProperties) = preSolution
		HideSolutionNode = FALSE
	EndGlobalSection
	GlobalSection(ExtensibilityGlobals) = postSolution
		SolutionGuid = {A3DA9DDB-9769-4222-B072-B80398A84FCC}
	EndGlobalSection
EndGlobal
